
Microsoft Visual Studio Solution File, Format Version 11.00
# Visual Studio 2010
# SharpDevelop 5.1
Project("{FAE04EC0-301F-11D3-BF4B-00C04F79EFBC}") = "aula_28032018", "aula_28032018\aula_28032018.csproj", "{5B98203E-975C-4BCB-AA51-9EF2BBF759E3}"
EndProject
Global
	GlobalSection(SolutionConfigurationPlatforms) = preSolution
		Debug|Any CPU = Debug|Any CPU
		Release|Any CPU = Release|Any CPU
	EndGlobalSection
	GlobalSection(ProjectConfigurationPlatforms) = postSolution
		{5B98203E-975C-4BCB-AA51-9EF2BBF759E3}.Debug|Any CPU.ActiveCfg = Debug|Any CPU
		{5B98203E-975C-4BCB-AA51-9EF2BBF759E3}.Debug|Any CPU.Build.0 = Debug|Any CPU
		{5B98203E-975C-4BCB-AA51-9EF2BBF759E3}.Release|Any CPU.ActiveCfg = Release|Any CPU
		{5B98203E-975C-4BCB-AA51-9EF2BBF759E3}.Release|Any CPU.Build.0 = Release|Any CPU
	EndGlobalSection
EndGlobal
