
Microsoft Visual Studio Solution File, Format Version 11.00
# Visual Studio 2010
# SharpDevelop 5.1
Project("{FAE04EC0-301F-11D3-BF4B-00C04F79EFBC}") = "ex2", "ex2\ex2.csproj", "{407951C2-110B-4F2E-8650-EB101DFA6BA1}"
EndProject
Global
	GlobalSection(SolutionConfigurationPlatforms) = preSolution
		Debug|Any CPU = Debug|Any CPU
		Release|Any CPU = Release|Any CPU
	EndGlobalSection
	GlobalSection(ProjectConfigurationPlatforms) = postSolution
		{407951C2-110B-4F2E-8650-EB101DFA6BA1}.Debug|Any CPU.ActiveCfg = Debug|Any CPU
		{407951C2-110B-4F2E-8650-EB101DFA6BA1}.Debug|Any CPU.Build.0 = Debug|Any CPU
		{407951C2-110B-4F2E-8650-EB101DFA6BA1}.Release|Any CPU.ActiveCfg = Release|Any CPU
		{407951C2-110B-4F2E-8650-EB101DFA6BA1}.Release|Any CPU.Build.0 = Release|Any CPU
	EndGlobalSection
EndGlobal
