
Microsoft Visual Studio Solution File, Format Version 11.00
# Visual Studio 2010
# SharpDevelop 5.1
Project("{FAE04EC0-301F-11D3-BF4B-00C04F79EFBC}") = "ex3", "ex3\ex3.csproj", "{858764F4-F1B0-430C-837B-C400F99D0045}"
EndProject
Global
	GlobalSection(SolutionConfigurationPlatforms) = preSolution
		Debug|Any CPU = Debug|Any CPU
		Release|Any CPU = Release|Any CPU
	EndGlobalSection
	GlobalSection(ProjectConfigurationPlatforms) = postSolution
		{858764F4-F1B0-430C-837B-C400F99D0045}.Debug|Any CPU.ActiveCfg = Debug|Any CPU
		{858764F4-F1B0-430C-837B-C400F99D0045}.Debug|Any CPU.Build.0 = Debug|Any CPU
		{858764F4-F1B0-430C-837B-C400F99D0045}.Release|Any CPU.ActiveCfg = Release|Any CPU
		{858764F4-F1B0-430C-837B-C400F99D0045}.Release|Any CPU.Build.0 = Release|Any CPU
	EndGlobalSection
EndGlobal
